
Microsoft Visual Studio Solution File, Format Version 12.00
# Visual Studio Version 17
VisualStudioVersion = 17.7.34031.279
MinimumVisualStudioVersion = 10.0.40219.1
Project("{FAE04EC0-301F-11D3-BF4B-00C04F79EFBC}") = "Lumotech", "Lumotech\Lumotech.csproj", "{B133E472-813E-43CE-949A-5FCDA3085F0E}"
EndProject
Global
	GlobalSection(SolutionConfigurationPlatforms) = preSolution
		Debug|Any CPU = Debug|Any CPU
		Release|Any CPU = Release|Any CPU
	EndGlobalSection
	GlobalSection(ProjectConfigurationPlatforms) = postSolution
		{B133E472-813E-43CE-949A-5FCDA3085F0E}.Debug|Any CPU.ActiveCfg = Debug|Any CPU
		{B133E472-813E-43CE-949A-5FCDA3085F0E}.Debug|Any CPU.Build.0 = Debug|Any CPU
		{B133E472-813E-43CE-949A-5FCDA3085F0E}.Release|Any CPU.ActiveCfg = Release|Any CPU
		{B133E472-813E-43CE-949A-5FCDA3085F0E}.Release|Any CPU.Build.0 = Release|Any CPU
	EndGlobalSection
	GlobalSection(SolutionProperties) = preSolution
		HideSolutionNode = FALSE
	EndGlobalSection
	GlobalSection(ExtensibilityGlobals) = postSolution
		SolutionGuid = {A242259E-A898-4F01-AA74-5A5A06A60B54}
	EndGlobalSection
EndGlobal
